
Microsoft Visual Studio Solution File, Format Version 12.00
# Visual Studio 15
VisualStudioVersion = 15.0.28307.779
MinimumVisualStudioVersion = 10.0.40219.1
Project("{2150E333-8FDC-42A3-9474-1A3956D46DE8}") = "Solution Items", "Solution Items", "{6500C962-BC3D-4D10-9CCD-F45B65E11C37}"
EndProject
Project("{2150E333-8FDC-42A3-9474-1A3956D46DE8}") = "Macros", "Macros", "{B68F5852-C3FE-463A-8751-230286E0AD73}"
	ProjectSection(SolutionItems) = preProject
		Macros\Add_ROI_plugin.ijm = Macros\Add_ROI_plugin.ijm
		Macros\AutoSmooth.ijm = Macros\AutoSmooth.ijm
		Macros\Create_composite_image.ijm = Macros\Create_composite_image.ijm
		Macros\EasyFrapMacro.ijm = Macros\EasyFrapMacro.ijm
		Macros\ImportImage.ijm = Macros\ImportImage.ijm
		Macros\MakeMontage.ijm = Macros\MakeMontage.ijm
		Macros\MultiReg.ijm = Macros\MultiReg.ijm
		Macros\MultiReg_v1.1.ijm = Macros\MultiReg_v1.1.ijm
		Macros\ROI_devider.ijm = Macros\ROI_devider.ijm
		Macros\ROI_divider.ijm = Macros\ROI_divider.ijm
		Macros\ROI_drawer.ijm = Macros\ROI_drawer.ijm
	EndProjectSection
EndProject
Global
	GlobalSection(SolutionProperties) = preSolution
		HideSolutionNode = FALSE
	EndGlobalSection
	GlobalSection(NestedProjects) = preSolution
		{B68F5852-C3FE-463A-8751-230286E0AD73} = {6500C962-BC3D-4D10-9CCD-F45B65E11C37}
	EndGlobalSection
	GlobalSection(ExtensibilityGlobals) = postSolution
		SolutionGuid = {83DC9943-1CD2-4F2C-B75F-D752B077692F}
	EndGlobalSection
EndGlobal
